lockfileVersion: 5.4

specifiers:
  esbuild: ^0.16.2
  json5: ^2.2.1

devDependencies:
  esbuild: 0.16.2
  json5: 2.2.1

packages:

  /@esbuild/android-arm/0.16.2:
    resolution: {integrity: sha512-t8zq/Ad8njye3tYkbdBYAEGBExCyqFuPnKmKgLBF9+nIwAS/V3FYck6BjAx813JCGXkNsR1iriS8jQFwydT+FA==}
    engines: {node: '>=12'}
    cpu: [arm]
    os: [android]
    requiresBuild: true
    dev: true
    optional: true

  /@esbuild/android-arm64/0.16.2:
    resolution: {integrity: sha512-3CjbygjFHmtxDW59FOUM1T28G+aVqzbM+cNNinMgRUq+bmAstJdqmJL/KqpUwuCRTri4BgHJRWQbHOQFLwIpxw==}
    engines: {node: '>=12'}
    cpu: [arm64]
    os: [android]
    requiresBuild: true
    dev: true
    optional: true

  /@esbuild/android-x64/0.16.2:
    resolution: {integrity: sha512-J5pzzVs9gHRQff8vUBhGMRQU1avwD9IVTSfzhdnKRqlxq0hsdcgZxH95Ckj/q2KJ4nMPYfDBSRXrrvQ4PyMpFA==}
    engines: {node: '>=12'}
    cpu: [x64]
    os: [android]
    requiresBuild: true
    dev: true
    optional: true

  /@esbuild/darwin-arm64/0.16.2:
    resolution: {integrity: sha512-XmjlYmR1UTEdMT2X3TxnA0hG8zOi3q/BzqNN6/PDBxw/UxE9gdj7LGwiQus5HHZM03vSvjRO7WJ7qaJBGBWnpQ==}
    engines: {node: '>=12'}
    cpu: [arm64]
    os: [darwin]
    requiresBuild: true
    dev: true
    optional: true

  /@esbuild/darwin-x64/0.16.2:
    resolution: {integrity: sha512-nq5cXgzbXHhBqZEPpuXrf2+BV6QWUM8vAyT/ElJrdIkoGOHwNQJEqZHl3KOWK+1V3KXEXgJhh7DsLixIc677ZQ==}
    engines: {node: '>=12'}
    cpu: [x64]
    os: [darwin]
    requiresBuild: true
    dev: true
    optional: true

  /@esbuild/freebsd-arm64/0.16.2:
    resolution: {integrity: sha512-1QuZr7GnoipDYMFJDucqXmVvJZidZuHbvw5QLzBehYq67GR1Jub9pSo6O0Rt4LtKnu3TF2K/bjgzPJAGFY6W4Q==}
    engines: {node: '>=12'}
    cpu: [arm64]
    os: [freebsd]
    requiresBuild: true
    dev: true
    optional: true

  /@esbuild/freebsd-x64/0.16.2:
    resolution: {integrity: sha512-uvbv99Wg2T489bqUz4gYVb2IpSSZZP/uTkaZpaLN+h3x58FmsLT4o7bF1Refd2JIKuONxSobljlk5/K/RD9SsQ==}
    engines: {node: '>=12'}
    cpu: [x64]
    os: [freebsd]
    requiresBuild: true
    dev: true
    optional: true

  /@esbuild/linux-arm/0.16.2:
    resolution: {integrity: sha512-8n2UozHygOGXzgysim6GifKjv+lW4fs3mlfaoKerwBIOT9OBCo1Q4AjvbtU3F+2AGyo8eavxnj6Xxx0DRTOwiw==}
    engines: {node: '>=12'}
    cpu: [arm]
    os: [linux]
    requiresBuild: true
    dev: true
    optional: true

  /@esbuild/linux-arm64/0.16.2:
    resolution: {integrity: sha512-S7EwMhEUMzYfd9KTHJX7Y3bKz7/9sZDRJPp10EOQ3Qqp10WvX2G42Q2c7rfymnm9aM5ZWs+W8WgbLFAUnjC3Wg==}
    engines: {node: '>=12'}
    cpu: [arm64]
    os: [linux]
    requiresBuild: true
    dev: true
    optional: true

  /@esbuild/linux-ia32/0.16.2:
    resolution: {integrity: sha512-TRz3MDvv65zXZ4NTJYi1yyVj17Qrsm8y6J8r4qIdd2qszRLPHmte4LAazPa7g+To6QfM2kL3gHmVhwV6GcYz0g==}
    engines: {node: '>=12'}
    cpu: [ia32]
    os: [linux]
    requiresBuild: true
    dev: true
    optional: true

  /@esbuild/linux-loong64/0.16.2:
    resolution: {integrity: sha512-yhHJCvPQjh/8wLEk336QzXMHYnMKJdzLcNAnXwVawSvsLqyzTYrGshrO1YMhzs5cWgR75DFNnhcAFgEtleAZOw==}
    engines: {node: '>=12'}
    cpu: [loong64]
    os: [linux]
    requiresBuild: true
    dev: true
    optional: true

  /@esbuild/linux-mips64el/0.16.2:
    resolution: {integrity: sha512-YwMpV41qIKRHASV4MaaA/PKk9CoZ4QyVyPXhUtLTO9kPWtWECRI4MTBrGIb9kGUpL6I+jiT4fAZn8YpWSGBkQg==}
    engines: {node: '>=12'}
    cpu: [mips64el]
    os: [linux]
    requiresBuild: true
    dev: true
    optional: true

  /@esbuild/linux-ppc64/0.16.2:
    resolution: {integrity: sha512-s4YuINcRxCA9TElEf2iBdG6oZWdNu2Eb6R9TbRBcZOTdcgdBKIinaVyEiQ8H6nmCafWCuuJT8u66zds2ET3t1Q==}
    engines: {node: '>=12'}
    cpu: [ppc64]
    os: [linux]
    requiresBuild: true
    dev: true
    optional: true

  /@esbuild/linux-riscv64/0.16.2:
    resolution: {integrity: sha512-oacL6QGqVRhBCbBlFxODYfcCkB6tPmfanaWnsuHNI7m9LVkBuuDKpsC3XWOwkEQiLIJcvhhZKOkkgw49KxS1Dw==}
    engines: {node: '>=12'}
    cpu: [riscv64]
    os: [linux]
    requiresBuild: true
    dev: true
    optional: true

  /@esbuild/linux-s390x/0.16.2:
    resolution: {integrity: sha512-5ifr0lshZbLI457Qe6y3MsDYv1cSOJ8awgi0HT14cS59WliT7bDkrr3kmDw/LqGOAPyDvDD+U8s2cFBSENetuA==}
    engines: {node: '>=12'}
    cpu: [s390x]
    os: [linux]
    requiresBuild: true
    dev: true
    optional: true

  /@esbuild/linux-x64/0.16.2:
    resolution: {integrity: sha512-TA/ORYlP6h2pfB/dzrPTMFWd1MaUYy7kwblWdzwkUtsTAJAKJlZwBhkKftSaUNNU5wtXNJ9+ucMDf7vBPbDjlw==}
    engines: {node: '>=12'}
    cpu: [x64]
    os: [linux]
    requiresBuild: true
    dev: true
    optional: true

  /@esbuild/netbsd-x64/0.16.2:
    resolution: {integrity: sha512-oBH2Aj4fL9FLlkIi2wYGckydKHVKmYrqiqt91i6kFE1mF7B05YYttrlOHAf3JzWIJQWyvzvsmoA/XFPf1sTgBw==}
    engines: {node: '>=12'}
    cpu: [x64]
    os: [netbsd]
    requiresBuild: true
    dev: true
    optional: true

  /@esbuild/openbsd-x64/0.16.2:
    resolution: {integrity: sha512-eKOpYr7CiF9GZxu18iOQGfzQ4htO6KGhXriW2raJvRO0G27Lu7ArAI/kW71yTPaFqlf9gCmCGaTPr2tmiUePVg==}
    engines: {node: '>=12'}
    cpu: [x64]
    os: [openbsd]
    requiresBuild: true
    dev: true
    optional: true

  /@esbuild/sunos-x64/0.16.2:
    resolution: {integrity: sha512-1HsQLVnjhlscekE8H5Xj49xPvd0c74eoZEjh+OUnr+x7vCXdTVdFDgao9QM0H9zfioxJN1ZH7534LwxEaAWaIA==}
    engines: {node: '>=12'}
    cpu: [x64]
    os: [sunos]
    requiresBuild: true
    dev: true
    optional: true

  /@esbuild/win32-arm64/0.16.2:
    resolution: {integrity: sha512-G9AWjsnVxGQj8z0WgaDwTKgXzwc9zLPYDFoLE4oAGI/TQnft0eQjc+CKiWRyoa+a/c3XIFGXoWnW+17kbibSfA==}
    engines: {node: '>=12'}
    cpu: [arm64]
    os: [win32]
    requiresBuild: true
    dev: true
    optional: true

  /@esbuild/win32-ia32/0.16.2:
    resolution: {integrity: sha512-UJqmfPsiSX/wP1kY5JMordRqNU2r8n8ieXmNimp4r35sQEX3bjnSkPJ2E8BM8W8ecmEL+oDjYjulkTT3zSPa1g==}
    engines: {node: '>=12'}
    cpu: [ia32]
    os: [win32]
    requiresBuild: true
    dev: true
    optional: true

  /@esbuild/win32-x64/0.16.2:
    resolution: {integrity: sha512-1+PQiGAbbGlIXXlp9i/5JRpodCsozGTjffaD4W1LgeoynWef38VD8NNC8yG366NYXHHHLR1pN6MQZ9r2na/S1A==}
    engines: {node: '>=12'}
    cpu: [x64]
    os: [win32]
    requiresBuild: true
    dev: true
    optional: true

  /esbuild/0.16.2:
    resolution: {integrity: sha512-Rv/CJquZKE00irDLDpk9jmWmtxx1NW+MGpBbNNouaDY0oBwk806uJ51WpLaJBQUxhZqLauX2rrNol5lVQceHJw==}
    engines: {node: '>=12'}
    hasBin: true
    requiresBuild: true
    optionalDependencies:
      '@esbuild/android-arm': 0.16.2
      '@esbuild/android-arm64': 0.16.2
      '@esbuild/android-x64': 0.16.2
      '@esbuild/darwin-arm64': 0.16.2
      '@esbuild/darwin-x64': 0.16.2
      '@esbuild/freebsd-arm64': 0.16.2
      '@esbuild/freebsd-x64': 0.16.2
      '@esbuild/linux-arm': 0.16.2
      '@esbuild/linux-arm64': 0.16.2
      '@esbuild/linux-ia32': 0.16.2
      '@esbuild/linux-loong64': 0.16.2
      '@esbuild/linux-mips64el': 0.16.2
      '@esbuild/linux-ppc64': 0.16.2
      '@esbuild/linux-riscv64': 0.16.2
      '@esbuild/linux-s390x': 0.16.2
      '@esbuild/linux-x64': 0.16.2
      '@esbuild/netbsd-x64': 0.16.2
      '@esbuild/openbsd-x64': 0.16.2
      '@esbuild/sunos-x64': 0.16.2
      '@esbuild/win32-arm64': 0.16.2
      '@esbuild/win32-ia32': 0.16.2
      '@esbuild/win32-x64': 0.16.2
    dev: true

  /json5/2.2.1:
    resolution: {integrity: sha512-1hqLFMSrGHRHxav9q9gNjJ5EXznIxGVO09xQRrwplcS8qs28pZ8s8hupZAmqDwZUmVZ2Qb2jnyPOWcDH8m8dlA==}
    engines: {node: '>=6'}
    hasBin: true
    dev: true
